
Microsoft Visual Studio Solution File, Format Version 12.00
Project("{FAE04EC0-301F-11D3-BF4B-00C04F79EFBC}") = "ConsoleAppSockets", "ConsoleAppSockets\ConsoleAppSockets.csproj", "{B9F81F9D-F769-4135-B5E5-46FC27CDAEAB}"
EndProject
Global
	GlobalSection(SolutionConfigurationPlatforms) = preSolution
		Debug|Any CPU = Debug|Any CPU
		Release|Any CPU = Release|Any CPU
	EndGlobalSection
	GlobalSection(ProjectConfigurationPlatforms) = postSolution
		{B9F81F9D-F769-4135-B5E5-46FC27CDAEAB}.Debug|Any CPU.ActiveCfg = Debug|Any CPU
		{B9F81F9D-F769-4135-B5E5-46FC27CDAEAB}.Debug|Any CPU.Build.0 = Debug|Any CPU
		{B9F81F9D-F769-4135-B5E5-46FC27CDAEAB}.Release|Any CPU.ActiveCfg = Release|Any CPU
		{B9F81F9D-F769-4135-B5E5-46FC27CDAEAB}.Release|Any CPU.Build.0 = Release|Any CPU
	EndGlobalSection
EndGlobal
